
Microsoft Visual Studio Solution File, Format Version 12.00
# Visual Studio Version 17
VisualStudioVersion = 17.4.32916.344
MinimumVisualStudioVersion = 10.0.40219.1
Project("{FAE04EC0-301F-11D3-BF4B-00C04F79EFBC}") = "WebApiNet5", "WebApiNet5\WebApiNet5.csproj", "{91F27904-CA6A-45D3-A447-89FFAD8C86AD}"
EndProject
Global
	GlobalSection(SolutionConfigurationPlatforms) = preSolution
		Debug|Any CPU = Debug|Any CPU
		Release|Any CPU = Release|Any CPU
	EndGlobalSection
	GlobalSection(ProjectConfigurationPlatforms) = postSolution
		{91F27904-CA6A-45D3-A447-89FFAD8C86AD}.Debug|Any CPU.ActiveCfg = Debug|Any CPU
		{91F27904-CA6A-45D3-A447-89FFAD8C86AD}.Debug|Any CPU.Build.0 = Debug|Any CPU
		{91F27904-CA6A-45D3-A447-89FFAD8C86AD}.Release|Any CPU.ActiveCfg = Release|Any CPU
		{91F27904-CA6A-45D3-A447-89FFAD8C86AD}.Release|Any CPU.Build.0 = Release|Any CPU
	EndGlobalSection
	GlobalSection(SolutionProperties) = preSolution
		HideSolutionNode = FALSE
	EndGlobalSection
	GlobalSection(ExtensibilityGlobals) = postSolution
		SolutionGuid = {9C8CCFC4-7563-40D3-8473-025AC372A2A6}
	EndGlobalSection
EndGlobal
